<Solution>
  <Folder Name="/atividade 2/">
    <Project Path="Atividade 2/Atividade 2/Atividade 2.csproj" />
  </Folder>
  <Folder Name="/Atividade 3/">
    <Project Path="Atividade 3/Atividade3/Atividade3.csproj" />
  </Folder>
  <Project Path="Atividade1/Atividade1.csproj" />
  <Project Path="atividade4/atividade4.csproj" />
  <Project Path="atividade5/atividade5.csproj" />
  <Project Path="Atividade6/Atividade6.csproj" />
</Solution>
